
Microsoft Visual Studio Solution File, Format Version 12.00
# Visual Studio Version 17
VisualStudioVersion = 17.14.36623.8 d17.14
MinimumVisualStudioVersion = 10.0.40219.1
Project("{FAE04EC0-301F-11D3-BF4B-00C04F79EFBC}") = "ShopHerePJ", "ShopHerePJ\ShopHerePJ.csproj", "{02AC2436-7C0A-483B-A46C-9C02E5C2029E}"
EndProject
Global
	GlobalSection(SolutionConfigurationPlatforms) = preSolution
		Debug|Any CPU = Debug|Any CPU
		Release|Any CPU = Release|Any CPU
	EndGlobalSection
	GlobalSection(ProjectConfigurationPlatforms) = postSolution
		{02AC2436-7C0A-483B-A46C-9C02E5C2029E}.Debug|Any CPU.ActiveCfg = Debug|Any CPU
		{02AC2436-7C0A-483B-A46C-9C02E5C2029E}.Debug|Any CPU.Build.0 = Debug|Any CPU
		{02AC2436-7C0A-483B-A46C-9C02E5C2029E}.Release|Any CPU.ActiveCfg = Release|Any CPU
		{02AC2436-7C0A-483B-A46C-9C02E5C2029E}.Release|Any CPU.Build.0 = Release|Any CPU
	EndGlobalSection
	GlobalSection(SolutionProperties) = preSolution
		HideSolutionNode = FALSE
	EndGlobalSection
	GlobalSection(ExtensibilityGlobals) = postSolution
		SolutionGuid = {2861FB30-BB54-4537-A1A9-3C656736CF3E}
	EndGlobalSection
EndGlobal
